
Microsoft Visual Studio Solution File, Format Version 12.00
# Visual Studio 15
VisualStudioVersion = 15.0.28307.421
MinimumVisualStudioVersion = 10.0.40219.1
Project("{FAE04EC0-301F-11D3-BF4B-00C04F79EFBC}") = "TodoList", "TodoList\TodoList.csproj", "{79D2E048-6BC2-40BB-8969-0DBECC184050}"
EndProject
Project("{FAE04EC0-301F-11D3-BF4B-00C04F79EFBC}") = "TodoList.Tests", "TodoList.Tests\TodoList.Tests.csproj", "{52A9C1AD-1CDC-4D96-8363-8AD84D210AE0}"
EndProject
Global
	GlobalSection(SolutionConfigurationPlatforms) = preSolution
		Debug|Any CPU = Debug|Any CPU
		Release|Any CPU = Release|Any CPU
	EndGlobalSection
	GlobalSection(ProjectConfigurationPlatforms) = postSolution
		{79D2E048-6BC2-40BB-8969-0DBECC184050}.Debug|Any CPU.ActiveCfg = Debug|Any CPU
		{79D2E048-6BC2-40BB-8969-0DBECC184050}.Debug|Any CPU.Build.0 = Debug|Any CPU
		{79D2E048-6BC2-40BB-8969-0DBECC184050}.Release|Any CPU.ActiveCfg = Release|Any CPU
		{79D2E048-6BC2-40BB-8969-0DBECC184050}.Release|Any CPU.Build.0 = Release|Any CPU
		{52A9C1AD-1CDC-4D96-8363-8AD84D210AE0}.Debug|Any CPU.ActiveCfg = Debug|Any CPU
		{52A9C1AD-1CDC-4D96-8363-8AD84D210AE0}.Debug|Any CPU.Build.0 = Debug|Any CPU
		{52A9C1AD-1CDC-4D96-8363-8AD84D210AE0}.Release|Any CPU.ActiveCfg = Release|Any CPU
		{52A9C1AD-1CDC-4D96-8363-8AD84D210AE0}.Release|Any CPU.Build.0 = Release|Any CPU
	EndGlobalSection
	GlobalSection(SolutionProperties) = preSolution
		HideSolutionNode = FALSE
	EndGlobalSection
	GlobalSection(ExtensibilityGlobals) = postSolution
		SolutionGuid = {E16C3203-F9E1-42E7-A908-2062E51C14B9}
	EndGlobalSection
EndGlobal
